
Microsoft Visual Studio Solution File, Format Version 12.00
# Visual Studio Version 17
VisualStudioVersion = 17.11.35219.272
MinimumVisualStudioVersion = 10.0.40219.1
Project("{FAE04EC0-301F-11D3-BF4B-00C04F79EFBC}") = "Webscraber", "Webscraber\Webscraber.csproj", "{D5FA10EC-C5D0-4A6D-89EE-CC43CAC29C40}"
EndProject
Global
	GlobalSection(SolutionConfigurationPlatforms) = preSolution
		Debug|Any CPU = Debug|Any CPU
		Release|Any CPU = Release|Any CPU
	EndGlobalSection
	GlobalSection(ProjectConfigurationPlatforms) = postSolution
		{D5FA10EC-C5D0-4A6D-89EE-CC43CAC29C40}.Debug|Any CPU.ActiveCfg = Debug|Any CPU
		{D5FA10EC-C5D0-4A6D-89EE-CC43CAC29C40}.Debug|Any CPU.Build.0 = Debug|Any CPU
		{D5FA10EC-C5D0-4A6D-89EE-CC43CAC29C40}.Release|Any CPU.ActiveCfg = Release|Any CPU
		{D5FA10EC-C5D0-4A6D-89EE-CC43CAC29C40}.Release|Any CPU.Build.0 = Release|Any CPU
	EndGlobalSection
	GlobalSection(SolutionProperties) = preSolution
		HideSolutionNode = FALSE
	EndGlobalSection
	GlobalSection(ExtensibilityGlobals) = postSolution
		SolutionGuid = {D36732D2-EA66-467D-9D8A-00B570579E90}
	EndGlobalSection
EndGlobal
